# This file is automatically @generated by Cargo.
# It is not intended for manual editing.
version = 4

[[package]]
name = "chain-consensus"
version = "0.1.0"

[[package]]
name = "chain-db"
version = "0.1.0"

[[package]]
name = "chain-engine-api"
version = "0.1.0"

[[package]]
name = "chain-exec"
version = "0.1.0"

[[package]]
name = "chain-mempool"
version = "0.1.0"

[[package]]
name = "chain-modules"
version = "0.1.0"

[[package]]
name = "chain-p2p"
version = "0.1.0"

[[package]]
name = "chain-rpc"
version = "0.1.0"

[[package]]
name = "chain-signer"
version = "0.1.0"

[[package]]
name = "chain-state"
version = "0.1.0"

[[package]]
name = "chain-types"
version = "0.1.0"
